{
  "name": "yahoo-finance-history",
  "version": "0.0.5",
  "lockfileVersion": 1,
  "requires": true,
  "dependencies": {
    "set-cookie-parser": {
      "version": "2.4.5",
      "resolved": "https://registry.npmjs.org/set-cookie-parser/-/set-cookie-parser-2.4.5.tgz",
      "integrity": "sha512-LkSDwseogN5l6TerqGzFzL9mUDTxSq3hX2b5AaynjC1nSCNWiDypEgHatfc0v6KcnfgV3/6F6h4ABh6igjzlQQ=="
    }
  }
}
